// !$*UTF8*$!
{
	archiveVersion = 1;
	classes = {
	};
	objectVersion = 77;
	objects = {

/* Begin PBXContainerItemProxy section */
		22999F6C2E6F3ACB00CC14B6 /* PBXContainerItemProxy */ = {
			isa = PBXContainerItemProxy;
			containerPortal = 22999F4D2E6F3AC900CC14B6 /* Project object */;
			proxyType = 1;
			remoteGlobalIDString = 22999F542E6F3AC900CC14B6;
			remoteInfo = RealmAuthApp;
		};
		22999F762E6F3ACB00CC14B6 /* PBXContainerItemProxy */ = {
			isa = PBXContainerItemProxy;
			containerPortal = 22999F4D2E6F3AC900CC14B6 /* Project object */;
			proxyType = 1;
			remoteGlobalIDString = 22999F542E6F3AC900CC14B6;
			remoteInfo = RealmAuthApp;
		};
/* End PBXContainerItemProxy section */

/* Begin PBXFileReference section */
		22999F552E6F3AC900CC14B6 /* RealmAuthApp.app */ = {isa = PBXFileReference; explicitFileType = wrapper.application; includeInIndex = 0; path = RealmAuthApp.app; sourceTree = BUILT_PRODUCTS_DIR; };
		22999F6B2E6F3ACB00CC14B6 /* RealmAuthAppTests.xctest */ = {isa = PBXFileReference; explicitFileType = wrapper.cfbundle; includeInIndex = 0; path = RealmAuthAppTests.xctest; sourceTree = BUILT_PRODUCTS_DIR; };
		22999F752E6F3ACB00CC14B6 /* RealmAuthAppUITests.xctest */ = {isa = PBXFileReference; explicitFileType = wrapper.cfbundle; includeInIndex = 0; path = RealmAuthAppUITests.xctest; sourceTree = BUILT_PRODUCTS_DIR; };
/* End PBXFileReference section */

/* Begin PBXFileSystemSynchronizedBuildFileExceptionSet section */
		22999F7D2E6F3ACB00CC14B6 /* Exceptions for "RealmAuthApp" folder in "RealmAuthApp" target */ = {
			isa = PBXFileSystemSynchronizedBuildFileExceptionSet;
			membershipExceptions = (
				Info.plist,
			);
			target = 22999F542E6F3AC900CC14B6 /* RealmAuthApp */;
		};
/* End PBXFileSystemSynchronizedBuildFileExceptionSet section */

/* Begin PBXFileSystemSynchronizedRootGroup section */
		22999F572E6F3AC900CC14B6 /* RealmAuthApp */ = {
			isa = PBXFileSystemSynchronizedRootGroup;
			exceptions = (
				22999F7D2E6F3ACB00CC14B6 /* Exceptions for "RealmAuthApp" folder in "RealmAuthApp" target */,
			);
			path = RealmAuthApp;
			sourceTree = "<group>";
		};
		22999F6E2E6F3ACB00CC14B6 /* RealmAuthAppTests */ = {
			isa = PBXFileSystemSynchronizedRootGroup;
			path = RealmAuthAppTests;
			sourceTree = "<group>";
		};
		22999F782E6F3ACB00CC14B6 /* RealmAuthAppUITests */ = {
			isa = PBXFileSystemSynchronizedRootGroup;
			path = RealmAuthAppUITests;
			sourceTree = "<group>";
		};
/* End PBXFileSystemSynchronizedRootGroup section */

/* Begin PBXFrameworksBuildPhase section */
		22999F522E6F3AC900CC14B6 /* Frameworks */ = {
			isa = PBXFrameworksBuildPhase;
			buildActionMask = 2147483647;
			files = (
			);
			runOnlyForDeploymentPostprocessing = 0;
		};
		22999F682E6F3ACB00CC14B6 /* Frameworks */ = {
			isa = PBXFrameworksBuildPhase;
			buildActionMask = 2147483647;
			files = (
			);
			runOnlyForDeploymentPostprocessing = 0;
		};
		22999F722E6F3ACB00CC14B6 /* Frameworks */ = {
			isa = PBXFrameworksBuildPhase;
			buildActionMask = 2147483647;
			files = (
			);
			runOnlyForDeploymentPostprocessing = 0;
		};
/* End PBXFrameworksBuildPhase section */

/* Begin PBXGroup section */
		22999F4C2E6F3AC900CC14B6 = {
			isa = PBXGroup;
			children = (
				22999F572E6F3AC900CC14B6 /* RealmAuthApp */,
				22999F6E2E6F3ACB00CC14B6 /* RealmAuthAppTests */,
				22999F782E6F3ACB00CC14B6 /* RealmAuthAppUITests */,
				22999F562E6F3AC900CC14B6 /* Products */,
			);
			sourceTree = "<group>";
		};
		22999F562E6F3AC900CC14B6 /* Products */ = {
			isa = PBXGroup;
			children = (
				22999F552E6F3AC900CC14B6 /* RealmAuthApp.app */,
				22999F6B2E6F3ACB00CC14B6 /* RealmAuthAppTests.xctest */,
				22999F752E6F3ACB00CC14B6 /* RealmAuthAppUITests.xctest */,
			);
			name = Products;
			sourceTree = "<group>";
		};
/* End PBXGroup section */

/* Begin PBXNativeTarget section */
		22999F542E6F3AC900CC14B6 /* RealmAuthApp */ = {
			isa = PBXNativeTarget;
			buildConfigurationList = 22999F7E2E6F3ACB00CC14B6 /* Build configuration list for PBXNativeTarget "RealmAuthApp" */;
			buildPhases = (
				22999F512E6F3AC900CC14B6 /* Sources */,
				22999F522E6F3AC900CC14B6 /* Frameworks */,
				22999F532E6F3AC900CC14B6 /* Resources */,
			);
			buildRules = (
			);
			dependencies = (
			);
			fileSystemSynchronizedGroups = (
				22999F572E6F3AC900CC14B6 /* RealmAuthApp */,
			);
			name = RealmAuthApp;
			packageProductDependencies = (
			);
			productName = RealmAuthApp;
			productReference = 22999F552E6F3AC900CC14B6 /* RealmAuthApp.app */;
			productType = "com.apple.product-type.application";
		};
		22999F6A2E6F3ACB00CC14B6 /* RealmAuthAppTests */ = {
			isa = PBXNativeTarget;
			buildConfigurationList = 22999F832E6F3ACB00CC14B6 /* Build configuration list for PBXNativeTarget "RealmAuthAppTests" */;
			buildPhases = (
				22999F672E6F3ACB00CC14B6 /* Sources */,
				22999F682E6F3ACB00CC14B6 /* Frameworks */,
				22999F692E6F3ACB00CC14B6 /* Resources */,
			);
			buildRules = (
			);
			dependencies = (
				22999F6D2E6F3ACB00CC14B6 /* PBXTargetDependency */,
			);
			fileSystemSynchronizedGroups = (
				22999F6E2E6F3ACB00CC14B6 /* RealmAuthAppTests */,
			);
			name = RealmAuthAppTests;
			packageProductDependencies = (
			);
			productName = RealmAuthAppTests;
			productReference = 22999F6B2E6F3ACB00CC14B6 /* RealmAuthAppTests.xctest */;
			productType = "com.apple.product-type.bundle.unit-test";
		};
		22999F742E6F3ACB00CC14B6 /* RealmAuthAppUITests */ = {
			isa = PBXNativeTarget;
			buildConfigurationList = 22999F862E6F3ACB00CC14B6 /* Build configuration list for PBXNativeTarget "RealmAuthAppUITests" */;
			buildPhases = (
				22999F712E6F3ACB00CC14B6 /* Sources */,
				22999F722E6F3ACB00CC14B6 /* Frameworks */,
				22999F732E6F3ACB00CC14B6 /* Resources */,
			);
			buildRules = (
			);
			dependencies = (
				22999F772E6F3ACB00CC14B6 /* PBXTargetDependency */,
			);
			fileSystemSynchronizedGroups = (
				22999F782E6F3ACB00CC14B6 /* RealmAuthAppUITests */,
			);
			name = RealmAuthAppUITests;
			packageProductDependencies = (
			);
			productName = RealmAuthAppUITests;
			productReference = 22999F752E6F3ACB00CC14B6 /* RealmAuthAppUITests.xctest */;
			productType = "com.apple.product-type.bundle.ui-testing";
		};
/* End PBXNativeTarget section */

/* Begin PBXProject section */
		22999F4D2E6F3AC900CC14B6 /* Project object */ = {
			isa = PBXProject;
			attributes = {
				BuildIndependentTargetsInParallel = 1;
				LastSwiftUpdateCheck = 1640;
				LastUpgradeCheck = 1640;
				TargetAttributes = {
					22999F542E6F3AC900CC14B6 = {
						CreatedOnToolsVersion = 16.4;
					};
					22999F6A2E6F3ACB00CC14B6 = {
						CreatedOnToolsVersion = 16.4;
						TestTargetID = 22999F542E6F3AC900CC14B6;
					};
					22999F742E6F3ACB00CC14B6 = {
						CreatedOnToolsVersion = 16.4;
						TestTargetID = 22999F542E6F3AC900CC14B6;
					};
				};
			};
			buildConfigurationList = 22999F502E6F3AC900CC14B6 /* Build configuration list for PBXProject "RealmAuthApp" */;
			developmentRegion = en;
			hasScannedForEncodings = 0;
			knownRegions = (
				en,
				Base,
			);
			mainGroup = 22999F4C2E6F3AC900CC14B6;
			minimizedProjectReferenceProxies = 1;
			preferredProjectObjectVersion = 77;
			productRefGroup = 22999F562E6F3AC900CC14B6 /* Products */;
			projectDirPath = "";
			projectRoot = "";
			targets = (
				22999F542E6F3AC900CC14B6 /* RealmAuthApp */,
				22999F6A2E6F3ACB00CC14B6 /* RealmAuthAppTests */,
				22999F742E6F3ACB00CC14B6 /* RealmAuthAppUITests */,
			);
		};
/* End PBXProject section */

/* Begin PBXResourcesBuildPhase section */
		22999F532E6F3AC900CC14B6 /* Resources */ = {
			isa = PBXResourcesBuildPhase;
			buildActionMask = 2147483647;
			files = (
			);
			runOnlyForDeploymentPostprocessing = 0;
		};
		22999F692E6F3ACB00CC14B6 /* Resources */ = {
			isa = PBXResourcesBuildPhase;
			buildActionMask = 2147483647;
			files = (
			);
			runOnlyForDeploymentPostprocessing = 0;
		};
		22999F732E6F3ACB00CC14B6 /* Resources */ = {
			isa = PBXResourcesBuildPhase;
			buildActionMask = 2147483647;
			files = (
			);
			runOnlyForDeploymentPostprocessing = 0;
		};
/* End PBXResourcesBuildPhase section */

/* Begin PBXSourcesBuildPhase section */
		22999F512E6F3AC900CC14B6 /* Sources */ = {
			isa = PBXSourcesBuildPhase;
			buildActionMask = 2147483647;
			files = (
			);
			runOnlyForDeploymentPostprocessing = 0;
		};
		22999F672E6F3ACB00CC14B6 /* Sources */ = {
			isa = PBXSourcesBuildPhase;
			buildActionMask = 2147483647;
			files = (
			);
			runOnlyForDeploymentPostprocessing = 0;
		};
		22999F712E6F3ACB00CC14B6 /* Sources */ = {
			isa = PBXSourcesBuildPhase;
			buildActionMask = 2147483647;
			files = (
			);
			runOnlyForDeploymentPostprocessing = 0;
		};
/* End PBXSourcesBuildPhase section */

/* Begin PBXTargetDependency section */
		22999F6D2E6F3ACB00CC14B6 /* PBXTargetDependency */ = {
			isa = PBXTargetDependency;
			target = 22999F542E6F3AC900CC14B6 /* RealmAuthApp */;
			targetProxy = 22999F6C2E6F3ACB00CC14B6 /* PBXContainerItemProxy */;
		};
		22999F772E6F3ACB00CC14B6 /* PBXTargetDependency */ = {
			isa = PBXTargetDependency;
			target = 22999F542E6F3AC900CC14B6 /* RealmAuthApp */;
			targetProxy = 22999F762E6F3ACB00CC14B6 /* PBXContainerItemProxy */;
		};
/* End PBXTargetDependency section */

/* Begin XCBuildConfiguration section */
		22999F7F2E6F3ACB00CC14B6 /* Debug */ = {
			isa = XCBuildConfiguration;
			buildSettings = {
				ASSETCATALOG_COMPILER_APPICON_NAME = AppIcon;
				ASSETCATALOG_COMPILER_GLOBAL_ACCENT_COLOR_NAME = AccentColor;
				CODE_SIGN_STYLE = Automatic;
				CURRENT_PROJECT_VERSION = 1;
				DEVELOPMENT_TEAM = 8TPY9YR2C5;
				GENERATE_INFOPLIST_FILE = YES;
				INFOPLIST_FILE = RealmAuthApp/Info.plist;
				INFOPLIST_KEY_UIApplicationSupportsIndirectInputEvents = YES;
				INFOPLIST_KEY_UILaunchStoryboardName = LaunchScreen;
				INFOPLIST_KEY_UIMainStoryboardFile = Main;
				INFOPLIST_KEY_UISupportedInterfaceOrientations_iPad = "UIInterfaceOrientationPortrait UIInterfaceOrientationPortraitUpsideDown UIInterfaceOrientationLandscapeLeft UIInterfaceOrientationLandscapeRight";
				INFOPLIST_KEY_UISupportedInterfaceOrientations_iPhone = "UIInterfaceOrientationPortrait UIInterfaceOrientationLandscapeLeft UIInterfaceOrientationLandscapeRight";
				LD_RUNPATH_SEARCH_PATHS = (
					"$(inherited)",
					"@executable_path/Frameworks",
				);
				MARKETING_VERSION = 1.0;
				PRODUCT_BUNDLE_IDENTIFIER = com.emulator.skribe.RealmAuthApp;
				PRODUCT_NAME = "$(TARGET_NAME)";
				SWIFT_EMIT_LOC_STRINGS = YES;
				SWIFT_VERSION = 5.0;
				TARGETED_DEVICE_FAMILY = "1,2";
			};
			name = Debug;
		};
		22999F802E6F3ACB00CC14B6 /* Release */ = {
			isa = XCBuildConfiguration;
			buildSettings = {
				ASSETCATALOG_COMPILER_APPICON_NAME = AppIcon;
				ASSETCATALOG_COMPILER_GLOBAL_ACCENT_COLOR_NAME = AccentColor;
				CODE_SIGN_STYLE = Automatic;
				CURRENT_PROJECT_VERSION = 1;
				DEVELOPMENT_TEAM = 8TPY9YR2C5;
				GENERATE_INFOPLIST_FILE = YES;
				INFOPLIST_FILE = RealmAuthApp/Info.plist;
				INFOPLIST_KEY_UIApplicationSupportsIndirectInputEvents = YES;
				INFOPLIST_KEY_UILaunchStoryboardName = LaunchScreen;
				INFOPLIST_KEY_UIMainStoryboardFile = Main;
				INFOPLIST_KEY_UISupportedInterfaceOrientations_iPad = "UIInterfaceOrientationPortrait UIInterfaceOrientationPortraitUpsideDown UIInterfaceOrientationLandscapeLeft UIInterfaceOrientationLandscapeRight";
				INFOPLIST_KEY_UISupportedInterfaceOrientations_iPhone = "UIInterfaceOrientationPortrait UIInterfaceOrientationLandscapeLeft UIInterfaceOrientationLandscapeRight";
				LD_RUNPATH_SEARCH_PATHS = (
					"$(inherited)",
					"@executable_path/Frameworks",
				);
				MARKETING_VERSION = 1.0;
				PRODUCT_BUNDLE_IDENTIFIER = com.emulator.skribe.RealmAuthApp;
				PRODUCT_NAME = "$(TARGET_NAME)";
				SWIFT_EMIT_LOC_STRINGS = YES;
				SWIFT_VERSION = 5.0;
				TARGETED_DEVICE_FAMILY = "1,2";
			};
			name = Release;
		};
		22999F812E6F3ACB00CC14B6 /* Debug */ = {
			isa = XCBuildConfiguration;
			buildSettings = {
				ALWAYS_SEARCH_USER_PATHS = NO;
				ASSETCATALOG_COMPILER_GENERATE_SWIFT_ASSET_SYMBOL_EXTENSIONS = YES;
				CLANG_ANALYZER_NONNULL = YES;
				CLANG_ANALYZER_NUMBER_OBJECT_CONVERSION = YES_AGGRESSIVE;
				CLANG_CXX_LANGUAGE_STANDARD = "gnu++20";
				CLANG_ENABLE_MODULES = YES;
				CLANG_ENABLE_OBJC_ARC = YES;
				CLANG_ENABLE_OBJC_WEAK = YES;
				CLANG_WARN_BLOCK_CAPTURE_AUTORELEASING = YES;
				CLANG_WARN_BOOL_CONVERSION = YES;
				CLANG_WARN_COMMA = YES;
				CLANG_WARN_CONSTANT_CONVERSION = YES;
				CLANG_WARN_DEPRECATED_OBJC_IMPLEMENTATIONS = YES;
				CLANG_WARN_DIRECT_OBJC_ISA_USAGE = YES_ERROR;
				CLANG_WARN_DOCUMENTATION_COMMENTS = YES;
				CLANG_WARN_EMPTY_BODY = YES;
				CLANG_WARN_ENUM_CONVERSION = YES;
				CLANG_WARN_INFINITE_RECURSION = YES;
				CLANG_WARN_INT_CONVERSION = YES;
				CLANG_WARN_NON_LITERAL_NULL_CONVERSION = YES;
				CLANG_WARN_OBJC_IMPLICIT_RETAIN_SELF = YES;
				CLANG_WARN_OBJC_LITERAL_CONVERSION = YES;
				CLANG_WARN_OBJC_ROOT_CLASS = YES_ERROR;
				CLANG_WARN_QUOTED_INCLUDE_IN_FRAMEWORK_HEADER = YES;
				CLANG_WARN_RANGE_LOOP_ANALYSIS = YES;
				CLANG_WARN_STRICT_PROTOTYPES = YES;
				CLANG_WARN_SUSPICIOUS_MOVE = YES;
				CLANG_WARN_UNGUARDED_AVAILABILITY = YES_AGGRESSIVE;
				CLANG_WARN_UNREACHABLE_CODE = YES;
				CLANG_WARN__DUPLICATE_METHOD_MATCH = YES;
				COPY_PHASE_STRIP = NO;
				DEBUG_INFORMATION_FORMAT = dwarf;
				DEVELOPMENT_TEAM = 8TPY9YR2C5;
				ENABLE_STRICT_OBJC_MSGSEND = YES;
				ENABLE_TESTABILITY = YES;
				ENABLE_USER_SCRIPT_SANDBOXING = YES;
				GCC_C_LANGUAGE_STANDARD = gnu17;
				GCC_DYNAMIC_NO_PIC = NO;
				GCC_NO_COMMON_BLOCKS = YES;
				GCC_OPTIMIZATION_LEVEL = 0;
				GCC_PREPROCESSOR_DEFINITIONS = (
					"DEBUG=1",
					"$(inherited)",
				);
				GCC_WARN_64_TO_32_BIT_CONVERSION = YES;
				GCC_WARN_ABOUT_RETURN_TYPE = YES_ERROR;
				GCC_WARN_UNDECLARED_SELECTOR = YES;
				GCC_WARN_UNINITIALIZED_AUTOS = YES_AGGRESSIVE;
				GCC_WARN_UNUSED_FUNCTION = YES;
				GCC_WARN_UNUSED_VARIABLE = YES;
				IPHONEOS_DEPLOYMENT_TARGET = 18.5;
				LOCALIZATION_PREFERS_STRING_CATALOGS = YES;
				MTL_ENABLE_DEBUG_INFO = INCLUDE_SOURCE;
				MTL_FAST_MATH = YES;
				ONLY_ACTIVE_ARCH = YES;
				SDKROOT = iphoneos;
				SWIFT_ACTIVE_COMPILATION_CONDITIONS = "DEBUG $(inherited)";
				SWIFT_OPTIMIZATION_LEVEL = "-Onone";
			};
			name = Debug;
		};
		22999F822E6F3ACB00CC14B6 /* Release */ = {
			isa = XCBuildConfiguration;
			buildSettings = {
				ALWAYS_SEARCH_USER_PATHS = NO;
				ASSETCATALOG_COMPILER_GENERATE_SWIFT_ASSET_SYMBOL_EXTENSIONS = YES;
				CLANG_ANALYZER_NONNULL = YES;
				CLANG_ANALYZER_NUMBER_OBJECT_CONVERSION = YES_AGGRESSIVE;
				CLANG_CXX_LANGUAGE_STANDARD = "gnu++20";
				CLANG_ENABLE_MODULES = YES;
				CLANG_ENABLE_OBJC_ARC = YES;
				CLANG_ENABLE_OBJC_WEAK = YES;
				CLANG_WARN_BLOCK_CAPTURE_AUTORELEASING = YES;
				CLANG_WARN_BOOL_CONVERSION = YES;
				CLANG_WARN_COMMA = YES;
				CLANG_WARN_CONSTANT_CONVERSION = YES;
				CLANG_WARN_DEPRECATED_OBJC_IMPLEMENTATIONS = YES;
				CLANG_WARN_DIRECT_OBJC_ISA_USAGE = YES_ERROR;
				CLANG_WARN_DOCUMENTATION_COMMENTS = YES;
				CLANG_WARN_EMPTY_BODY = YES;
				CLANG_WARN_ENUM_CONVERSION = YES;
				CLANG_WARN_INFINITE_RECURSION = YES;
				CLANG_WARN_INT_CONVERSION = YES;
				CLANG_WARN_NON_LITERAL_NULL_CONVERSION = YES;
				CLANG_WARN_OBJC_IMPLICIT_RETAIN_SELF = YES;
				CLANG_WARN_OBJC_LITERAL_CONVERSION = YES;
				CLANG_WARN_OBJC_ROOT_CLASS = YES_ERROR;
				CLANG_WARN_QUOTED_INCLUDE_IN_FRAMEWORK_HEADER = YES;
				CLANG_WARN_RANGE_LOOP_ANALYSIS = YES;
				CLANG_WARN_STRICT_PROTOTYPES = YES;
				CLANG_WARN_SUSPICIOUS_MOVE = YES;
				CLANG_WARN_UNGUARDED_AVAILABILITY = YES_AGGRESSIVE;
				CLANG_WARN_UNREACHABLE_CODE = YES;
				CLANG_WARN__DUPLICATE_METHOD_MATCH = YES;
				COPY_PHASE_STRIP = NO;
				DEBUG_INFORMATION_FORMAT = "dwarf-with-dsym";
				DEVELOPMENT_TEAM = 8TPY9YR2C5;
				ENABLE_NS_ASSERTIONS = NO;
				ENABLE_STRICT_OBJC_MSGSEND = YES;
				ENABLE_USER_SCRIPT_SANDBOXING = YES;
				GCC_C_LANGUAGE_STANDARD = gnu17;
				GCC_NO_COMMON_BLOCKS = YES;
				GCC_WARN_64_TO_32_BIT_CONVERSION = YES;
				GCC_WARN_ABOUT_RETURN_TYPE = YES_ERROR;
				GCC_WARN_UNDECLARED_SELECTOR = YES;
				GCC_WARN_UNINITIALIZED_AUTOS = YES_AGGRESSIVE;
				GCC_WARN_UNUSED_FUNCTION = YES;
				GCC_WARN_UNUSED_VARIABLE = YES;
				IPHONEOS_DEPLOYMENT_TARGET = 18.5;
				LOCALIZATION_PREFERS_STRING_CATALOGS = YES;
				MTL_ENABLE_DEBUG_INFO = NO;
				MTL_FAST_MATH = YES;
				SDKROOT = iphoneos;
				SWIFT_COMPILATION_MODE = wholemodule;
				VALIDATE_PRODUCT = YES;
			};
			name = Release;
		};
		22999F842E6F3ACB00CC14B6 /* Debug */ = {
			isa = XCBuildConfiguration;
			buildSettings = {
				BUNDLE_LOADER = "$(TEST_HOST)";
				CODE_SIGN_STYLE = Automatic;
				CURRENT_PROJECT_VERSION = 1;
				DEVELOPMENT_TEAM = 8TPY9YR2C5;
				GENERATE_INFOPLIST_FILE = YES;
				IPHONEOS_DEPLOYMENT_TARGET = 18.5;
				MARKETING_VERSION = 1.0;
				PRODUCT_BUNDLE_IDENTIFIER = com.emulator.skribe.RealmAuthAppTests;
				PRODUCT_NAME = "$(TARGET_NAME)";
				SWIFT_EMIT_LOC_STRINGS = NO;
				SWIFT_VERSION = 5.0;
				TARGETED_DEVICE_FAMILY = "1,2";
				TEST_HOST = "$(BUILT_PRODUCTS_DIR)/RealmAuthApp.app/$(BUNDLE_EXECUTABLE_FOLDER_PATH)/RealmAuthApp";
			};
			name = Debug;
		};
		22999F852E6F3ACB00CC14B6 /* Release */ = {
			isa = XCBuildConfiguration;
			buildSettings = {
				BUNDLE_LOADER = "$(TEST_HOST)";
				CODE_SIGN_STYLE = Automatic;
				CURRENT_PROJECT_VERSION = 1;
				DEVELOPMENT_TEAM = 8TPY9YR2C5;
				GENERATE_INFOPLIST_FILE = YES;
				IPHONEOS_DEPLOYMENT_TARGET = 18.5;
				MARKETING_VERSION = 1.0;
				PRODUCT_BUNDLE_IDENTIFIER = com.emulator.skribe.RealmAuthAppTests;
				PRODUCT_NAME = "$(TARGET_NAME)";
				SWIFT_EMIT_LOC_STRINGS = NO;
				SWIFT_VERSION = 5.0;
				TARGETED_DEVICE_FAMILY = "1,2";
				TEST_HOST = "$(BUILT_PRODUCTS_DIR)/RealmAuthApp.app/$(BUNDLE_EXECUTABLE_FOLDER_PATH)/RealmAuthApp";
			};
			name = Release;
		};
		22999F872E6F3ACB00CC14B6 /* Debug */ = {
			isa = XCBuildConfiguration;
			buildSettings = {
				CODE_SIGN_STYLE = Automatic;
				CURRENT_PROJECT_VERSION = 1;
				DEVELOPMENT_TEAM = 8TPY9YR2C5;
				GENERATE_INFOPLIST_FILE = YES;
				MARKETING_VERSION = 1.0;
				PRODUCT_BUNDLE_IDENTIFIER = com.emulator.skribe.RealmAuthAppUITests;
				PRODUCT_NAME = "$(TARGET_NAME)";
				SWIFT_EMIT_LOC_STRINGS = NO;
				SWIFT_VERSION = 5.0;
				TARGETED_DEVICE_FAMILY = "1,2";
				TEST_TARGET_NAME = RealmAuthApp;
			};
			name = Debug;
		};
		22999F882E6F3ACB00CC14B6 /* Release */ = {
			isa = XCBuildConfiguration;
			buildSettings = {
				CODE_SIGN_STYLE = Automatic;
				CURRENT_PROJECT_VERSION = 1;
				DEVELOPMENT_TEAM = 8TPY9YR2C5;
				GENERATE_INFOPLIST_FILE = YES;
				MARKETING_VERSION = 1.0;
				PRODUCT_BUNDLE_IDENTIFIER = com.emulator.skribe.RealmAuthAppUITests;
				PRODUCT_NAME = "$(TARGET_NAME)";
				SWIFT_EMIT_LOC_STRINGS = NO;
				SWIFT_VERSION = 5.0;
				TARGETED_DEVICE_FAMILY = "1,2";
				TEST_TARGET_NAME = RealmAuthApp;
			};
			name = Release;
		};
/* End XCBuildConfiguration section */

/* Begin XCConfigurationList section */
		22999F502E6F3AC900CC14B6 /* Build configuration list for PBXProject "RealmAuthApp" */ = {
			isa = XCConfigurationList;
			buildConfigurations = (
				22999F812E6F3ACB00CC14B6 /* Debug */,
				22999F822E6F3ACB00CC14B6 /* Release */,
			);
			defaultConfigurationIsVisible = 0;
			defaultConfigurationName = Release;
		};
		22999F7E2E6F3ACB00CC14B6 /* Build configuration list for PBXNativeTarget "RealmAuthApp" */ = {
			isa = XCConfigurationList;
			buildConfigurations = (
				22999F7F2E6F3ACB00CC14B6 /* Debug */,
				22999F802E6F3ACB00CC14B6 /* Release */,
			);
			defaultConfigurationIsVisible = 0;
			defaultConfigurationName = Release;
		};
		22999F832E6F3ACB00CC14B6 /* Build configuration list for PBXNativeTarget "RealmAuthAppTests" */ = {
			isa = XCConfigurationList;
			buildConfigurations = (
				22999F842E6F3ACB00CC14B6 /* Debug */,
				22999F852E6F3ACB00CC14B6 /* Release */,
			);
			defaultConfigurationIsVisible = 0;
			defaultConfigurationName = Release;
		};
		22999F862E6F3ACB00CC14B6 /* Build configuration list for PBXNativeTarget "RealmAuthAppUITests" */ = {
			isa = XCConfigurationList;
			buildConfigurations = (
				22999F872E6F3ACB00CC14B6 /* Debug */,
				22999F882E6F3ACB00CC14B6 /* Release */,
			);
			defaultConfigurationIsVisible = 0;
			defaultConfigurationName = Release;
		};
/* End XCConfigurationList section */
	};
	rootObject = 22999F4D2E6F3AC900CC14B6 /* Project object */;
}
